[[package]]
name = "autopep8"
version = "2.0.0"
description = "A tool that automatically formats Python code to conform to the PEP 8 style guide"
category = "main"
optional = false
python-versions = "*"

[package.dependencies]
pycodestyle = ">=2.9.1"
tomli = "*"

[[package]]
name = "pycodestyle"
version = "2.10.0"
description = "Python style guide checker"
category = "main"
optional = false
python-versions = ">=3.6"

[[package]]
name = "tomli"
version = "2.0.1"
description = "A lil' TOML parser"
category = "main"
optional = false
python-versions = ">=3.7"

[metadata]
lock-version = "1.1"
python-versions = "^3.8"
content-hash = "fc7e7965ab4c7b53ac2212755f1a3d6931e0d6537ac39bcc5c365bea37624259"

[metadata.files]
autopep8 = []
pycodestyle = []
tomli = []
